
Microsoft Visual Studio Solution File, Format Version 12.00
# Visual Studio Version 17
VisualStudioVersion = 17.9.34622.214
MinimumVisualStudioVersion = 10.0.40219.1
Project("{9A19103F-16F7-4668-BE54-9A1E7A4F7556}") = "BlazorMovie.BlazorWebAssemblyStandaloneApp", "BlazorMovie.BlazorWebAssemblyStandaloneApp.csproj", "{D71D8DFA-2606-40AC-AA86-A0D36267861A}"
EndProject
Global
	GlobalSection(SolutionConfigurationPlatforms) = preSolution
		Debug|Any CPU = Debug|Any CPU
		Release|Any CPU = Release|Any CPU
	EndGlobalSection
	GlobalSection(ProjectConfigurationPlatforms) = postSolution
		{D71D8DFA-2606-40AC-AA86-A0D36267861A}.Debug|Any CPU.ActiveCfg = Debug|Any CPU
		{D71D8DFA-2606-40AC-AA86-A0D36267861A}.Debug|Any CPU.Build.0 = Debug|Any CPU
		{D71D8DFA-2606-40AC-AA86-A0D36267861A}.Release|Any CPU.ActiveCfg = Release|Any CPU
		{D71D8DFA-2606-40AC-AA86-A0D36267861A}.Release|Any CPU.Build.0 = Release|Any CPU
	EndGlobalSection
	GlobalSection(SolutionProperties) = preSolution
		HideSolutionNode = FALSE
	EndGlobalSection
	GlobalSection(ExtensibilityGlobals) = postSolution
		SolutionGuid = {A7BBAC00-0DBF-4B8A-9C0C-D94B67625C30}
	EndGlobalSection
EndGlobal
